// !$*UTF8*$!
{
	archiveVersion = 1;
	classes = {
	};
	objectVersion = 50;
	objects = {

/* Begin PBXGroup section */
		C9E2DB27243A0701002C1DF0 = {
			isa = PBXGroup;
			children = (
			);
			sourceTree = "<group>";
		};
/* End PBXGroup section */

/* Begin PBXProject section */
		C9E2DB28243A0701002C1DF0 /* Project object */ = {
			isa = PBXProject;
			attributes = {
				LastUpgradeCheck = 1140;
			};
			buildConfigurationList = C9E2DB2B243A0701002C1DF0 /* Build configuration list for PBXProject "Spot" */;
			compatibilityVersion = "Xcode 9.3";
			developmentRegion = en;
			hasScannedForEncodings = 0;
			knownRegions = (
				en,
				Base,
			);
			mainGroup = C9E2DB27243A0701002C1DF0;
			projectDirPath = "";
			projectRoot = "";
			targets = (
			);
		};
/* End PBXProject section */

/* Begin XCBuildConfiguration section */
		C9E2DB2C243A0701002C1DF0 /* Debug */ = {
			isa = XCBuildConfiguration;
			buildSettings = {
			};
			name = Debug;
		};
		C9E2DB2D243A0701002C1DF0 /* Release */ = {
			isa = XCBuildConfiguration;
			buildSettings = {
			};
			name = Release;
		};
/* End XCBuildConfiguration section */

/* Begin XCConfigurationList section */
		C9E2DB2B243A0701002C1DF0 /* Build configuration list for PBXProject "Spot" */ = {
			isa = XCConfigurationList;
			buildConfigurations = (
				C9E2DB2C243A0701002C1DF0 /* Debug */,
				C9E2DB2D243A0701002C1DF0 /* Release */,
			);
			defaultConfigurationIsVisible = 0;
			defaultConfigurationName = Release;
		};
/* End XCConfigurationList section */
	};
	rootObject = C9E2DB28243A0701002C1DF0 /* Project object */;
}
